// !$*UTF8*$!
{
	archiveVersion = 1;
	classes = {
	};
	objectVersion = 90;
	objects = {

/* Begin PBXBuildFile section */
		A56CF52B2F37E8DA008DBCD0 /* SnapshotTesting in Frameworks */ = {isa = PBXBuildFile; productRef = SNAPSHOT_TESTING_DEP /* SnapshotTesting */; };
		A59C8A622F4C24CD00ACC4E7 /* NammaMeterWatch Watch App.app in Embed Watch Content */ = {isa = PBXBuildFile; fileRef = A59C8A582F4C24CC00ACC4E7 /* NammaMeterWatch Watch App.app */; settings = {ATTRIBUTES = (RemoveHeadersOnCopy, ); }; };
/* End PBXBuildFile section */

/* Begin PBXContainerItemProxy section */
		A59C8A602F4C24CD00ACC4E7 /* PBXContainerItemProxy */ = {
			isa = PBXContainerItemProxy;
			containerPortal = A5261D0E2EFC1AA700AABD5D /* Project object */;
			proxyType = 1;
			remoteGlobalIDString = A59C8A572F4C24CC00ACC4E7;
			remoteInfo = "NammaMeterWatch Watch App";
		};
		D1A0000300000000000000A3 /* PBXContainerItemProxy */ = {
			isa = PBXContainerItemProxy;
			containerPortal = A5261D0E2EFC1AA700AABD5D /* Project object */;
			proxyType = 1;
			remoteGlobalIDString = A5261D152EFC1AA700AABD5D;
			remoteInfo = NammaMeter;
		};
		F4069BEB393B4F44AE0590EB /* PBXContainerItemProxy */ = {
			isa = PBXContainerItemProxy;
			containerPortal = A5261D0E2EFC1AA700AABD5D /* Project object */;
			proxyType = 1;
			remoteGlobalIDString = A5261D152EFC1AA700AABD5D;
			remoteInfo = NammaMeter;
		};
/* End PBXContainerItemProxy section */

/* Begin PBXCopyFilesBuildPhase section */
		A59C8A632F4C24CD00ACC4E7 /* Embed Watch Content */ = {
			isa = PBXCopyFilesBuildPhase;
			dstPath = "$(CONTENTS_FOLDER_PATH)/Watch";
			dstSubfolder = Product;
			files = (
				A59C8A622F4C24CD00ACC4E7 /* NammaMeterWatch Watch App.app in Embed Watch Content */,
			);
			name = "Embed Watch Content";
		};
/* End PBXCopyFilesBuildPhase section */

/* Begin PBXFileReference section */
		A49A67CF1EFF40B89B436DA6 /* NammaMeterTests.xctest */ = {isa = PBXFileReference; explicitFileType = wrapper.cfbundle; includeInIndex = 0; path = NammaMeterTests.xctest; sourceTree = BUILT_PRODUCTS_DIR; };
		A5261D162EFC1AA700AABD5D /* NammaMeter.app */ = {isa = PBXFileReference; explicitFileType = wrapper.application; includeInIndex = 0; path = NammaMeter.app; sourceTree = BUILT_PRODUCTS_DIR; };
		A59C8A582F4C24CC00ACC4E7 /* NammaMeterWatch Watch App.app */ = {isa = PBXFileReference; explicitFileType = wrapper.application; includeInIndex = 0; path = "NammaMeterWatch Watch App.app"; sourceTree = BUILT_PRODUCTS_DIR; };
		D1A0000100000000000000A1 /* NammaMeterUITests.xctest */ = {isa = PBXFileReference; explicitFileType = wrapper.cfbundle; includeInIndex = 0; path = NammaMeterUITests.xctest; sourceTree = BUILT_PRODUCTS_DIR; };
/* End PBXFileReference section */

/* Begin PBXFileSystemSynchronizedBuildFileExceptionSet section */
		A59C8A792F4C26E400ACC4E7 /* Exceptions for "NammaMeter" folder in "NammaMeterWatch Watch App" target */ = {
			isa = PBXFileSystemSynchronizedBuildFileExceptionSet;
			membershipExceptions = (
				Calculation/FareCalculationStrategy.swift,
				Calculation/FareCalculator.swift,
				Calculation/FareRule.swift,
				Calculation/FareRuleEvaluator.swift,
				Calculation/SurchargeCalculator.swift,
				Calculation/WhatIfCalculator.swift,
				Components/DigitWheel/DigitWheelAnimationState.swift,
				Components/DigitWheel/DigitWheelRenderer.swift,
				Components/DigitWheel/MechanicalDigitWheel.swift,
				FareProfiles.swift,
				LEDDisplayComponents.swift,
				Logging.swift,
				MeterTypes.swift,
				Models.swift,
				Shared/WatchTransferTypes.swift,
				State/TripMetrics.swift,
				Styles/ThemeColors.swift,
				SuperElectronicMeterView.swift,
				SuperMechanicalMeterView.swift,
				Surcharge.swift,
				Theme.swift,
				TimeFormatting.swift,
				VehicleType.swift,
			);
			target = A59C8A572F4C24CC00ACC4E7 /* NammaMeterWatch Watch App */;
		};
/* End PBXFileSystemSynchronizedBuildFileExceptionSet section */

/* Begin PBXFileSystemSynchronizedRootGroup section */
		A5261D182EFC1AA700AABD5D /* NammaMeter */ = {
			isa = PBXFileSystemSynchronizedRootGroup;
			exceptions = (
				A59C8A792F4C26E400ACC4E7 /* Exceptions for "NammaMeter" folder in "NammaMeterWatch Watch App" target */,
			);
			path = NammaMeter;
			sourceTree = "<group>";
		};
		A59C8A592F4C24CC00ACC4E7 /* NammaMeterWatch Watch App */ = {
			isa = PBXFileSystemSynchronizedRootGroup;
			path = "NammaMeterWatch Watch App";
			sourceTree = "<group>";
		};
		D1A0000200000000000000A2 /* NammaMeterUITests */ = {
			isa = PBXFileSystemSynchronizedRootGroup;
			path = NammaMeterUITests;
			sourceTree = "<group>";
		};
		EB9085CEBB0940BCAAFBC434 /* NammaMeterTests */ = {
			isa = PBXFileSystemSynchronizedRootGroup;
			path = NammaMeterTests;
			sourceTree = "<group>";
		};
/* End PBXFileSystemSynchronizedRootGroup section */

/* Begin PBXFrameworksBuildPhase section */
		A5261D132EFC1AA700AABD5D /* Frameworks */ = {
			isa = PBXFrameworksBuildPhase;
			files = (
			);
		};
		A59C8A552F4C24CC00ACC4E7 /* Frameworks */ = {
			isa = PBXFrameworksBuildPhase;
			files = (
			);
		};
		D1A0000600000000000000A6 /* Frameworks */ = {
			isa = PBXFrameworksBuildPhase;
			files = (
			);
		};
		F2EB115D87D44BBDAF05CD95 /* Frameworks */ = {
			isa = PBXFrameworksBuildPhase;
			files = (
				A56CF52B2F37E8DA008DBCD0 /* SnapshotTesting in Frameworks */,
			);
		};
/* End PBXFrameworksBuildPhase section */

/* Begin PBXGroup section */
		A5261D0D2EFC1AA700AABD5D = {
			isa = PBXGroup;
			children = (
				A5261D182EFC1AA700AABD5D /* NammaMeter */,
				EB9085CEBB0940BCAAFBC434 /* NammaMeterTests */,
				D1A0000200000000000000A2 /* NammaMeterUITests */,
				A59C8A592F4C24CC00ACC4E7 /* NammaMeterWatch Watch App */,
				A5261D172EFC1AA700AABD5D /* Products */,
			);
			indentWidth = 2;
			sourceTree = "<group>";
			tabWidth = 2;
		};
		A5261D172EFC1AA700AABD5D /* Products */ = {
			isa = PBXGroup;
			children = (
				A5261D162EFC1AA700AABD5D /* NammaMeter.app */,
				A49A67CF1EFF40B89B436DA6 /* NammaMeterTests.xctest */,
				D1A0000100000000000000A1 /* NammaMeterUITests.xctest */,
				A59C8A582F4C24CC00ACC4E7 /* NammaMeterWatch Watch App.app */,
			);
			name = Products;
			sourceTree = "<group>";
		};
/* End PBXGroup section */

/* Begin PBXNativeTarget section */
		4F81EC053778400FA0524DB5 /* NammaMeterTests */ = {
			isa = PBXNativeTarget;
			buildConfigurationList = 9D6290B7C0D84D16AC87897D /* Build configuration list for PBXNativeTarget "NammaMeterTests" */;
			buildPhases = (
				6453F9572394437797E1BFAF /* Sources */,
				F2EB115D87D44BBDAF05CD95 /* Frameworks */,
				2E95E8ED2B634481BAB664C1 /* Resources */,
			);
			buildRules = (
			);
			dependencies = (
				3999EED70155462080480770 /* PBXTargetDependency */,
			);
			fileSystemSynchronizedGroups = (
				EB9085CEBB0940BCAAFBC434 /* NammaMeterTests */,
			);
			name = NammaMeterTests;
			packageProductDependencies = (
				SNAPSHOT_TESTING_DEP /* SnapshotTesting */,
			);
			productName = NammaMeterTests;
			productReference = A49A67CF1EFF40B89B436DA6 /* NammaMeterTests.xctest */;
			productType = "com.apple.product-type.bundle.unit-test";
		};
		A5261D152EFC1AA700AABD5D /* NammaMeter */ = {
			isa = PBXNativeTarget;
			buildConfigurationList = A5261D212EFC1AA800AABD5D /* Build configuration list for PBXNativeTarget "NammaMeter" */;
			buildPhases = (
				A5261D122EFC1AA700AABD5D /* Sources */,
				A5261D132EFC1AA700AABD5D /* Frameworks */,
				A5261D142EFC1AA700AABD5D /* Resources */,
				A59C8A632F4C24CD00ACC4E7 /* Embed Watch Content */,
			);
			buildRules = (
			);
			dependencies = (
				A59C8A612F4C24CD00ACC4E7 /* PBXTargetDependency */,
			);
			fileSystemSynchronizedGroups = (
				A5261D182EFC1AA700AABD5D /* NammaMeter */,
			);
			name = NammaMeter;
			productName = NammaMeter;
			productReference = A5261D162EFC1AA700AABD5D /* NammaMeter.app */;
			productType = "com.apple.product-type.application";
		};
		A59C8A572F4C24CC00ACC4E7 /* NammaMeterWatch Watch App */ = {
			isa = PBXNativeTarget;
			buildConfigurationList = A59C8A662F4C24CD00ACC4E7 /* Build configuration list for PBXNativeTarget "NammaMeterWatch Watch App" */;
			buildPhases = (
				A59C8A542F4C24CC00ACC4E7 /* Sources */,
				A59C8A552F4C24CC00ACC4E7 /* Frameworks */,
				A59C8A562F4C24CC00ACC4E7 /* Resources */,
			);
			buildRules = (
			);
			fileSystemSynchronizedGroups = (
				A59C8A592F4C24CC00ACC4E7 /* NammaMeterWatch Watch App */,
			);
			name = "NammaMeterWatch Watch App";
			productName = "NammaMeterWatch Watch App";
			productReference = A59C8A582F4C24CC00ACC4E7 /* NammaMeterWatch Watch App.app */;
			productType = "com.apple.product-type.application";
		};
		D1A0000800000000000000A8 /* NammaMeterUITests */ = {
			isa = PBXNativeTarget;
			buildConfigurationList = D1A0000B00000000000000AB /* Build configuration list for PBXNativeTarget "NammaMeterUITests" */;
			buildPhases = (
				D1A0000500000000000000A5 /* Sources */,
				D1A0000600000000000000A6 /* Frameworks */,
				D1A0000700000000000000A7 /* Resources */,
			);
			buildRules = (
			);
			dependencies = (
				D1A0000400000000000000A4 /* PBXTargetDependency */,
			);
			fileSystemSynchronizedGroups = (
				D1A0000200000000000000A2 /* NammaMeterUITests */,
			);
			name = NammaMeterUITests;
			productName = NammaMeterUITests;
			productReference = D1A0000100000000000000A1 /* NammaMeterUITests.xctest */;
			productType = "com.apple.product-type.bundle.ui-testing";
		};
/* End PBXNativeTarget section */

/* Begin PBXProject section */
		A5261D0E2EFC1AA700AABD5D /* Project object */ = {
			isa = PBXProject;
			attributes = {
				BuildIndependentTargetsInParallel = 1;
				LastSwiftUpdateCheck = 2620;
				LastUpgradeCheck = 2620;
				TargetAttributes = {
					4F81EC053778400FA0524DB5 = {
						CreatedOnToolsVersion = 26.2;
					};
					A5261D152EFC1AA700AABD5D = {
						CreatedOnToolsVersion = 26.2;
					};
					A59C8A572F4C24CC00ACC4E7 = {
						CreatedOnToolsVersion = 26.2;
					};
					D1A0000800000000000000A8 = {
						CreatedOnToolsVersion = 26.2;
						TestTargetID = A5261D152EFC1AA700AABD5D;
					};
				};
			};
			buildConfigurationList = A5261D112EFC1AA700AABD5D /* Build configuration list for PBXProject "NammaMeter" */;
			developmentRegion = en;
			hasScannedForEncodings = 0;
			knownRegions = (
				en,
				Base,
			);
			mainGroup = A5261D0D2EFC1AA700AABD5D;
			minimizedProjectReferenceProxies = 1;
			packageReferences = (
				SNAPSHOT_PKG_REF /* XCRemoteSwiftPackageReference "swift-snapshot-testing" */,
			);
			preferredProjectObjectVersion = 90;
			productRefGroup = A5261D172EFC1AA700AABD5D /* Products */;
			projectDirPath = "";
			projectRoot = "";
			targets = (
				A5261D152EFC1AA700AABD5D /* NammaMeter */,
				4F81EC053778400FA0524DB5 /* NammaMeterTests */,
				D1A0000800000000000000A8 /* NammaMeterUITests */,
				A59C8A572F4C24CC00ACC4E7 /* NammaMeterWatch Watch App */,
			);
		};
/* End PBXProject section */

/* Begin PBXResourcesBuildPhase section */
		2E95E8ED2B634481BAB664C1 /* Resources */ = {
			isa = PBXResourcesBuildPhase;
			files = (
			);
		};
		A5261D142EFC1AA700AABD5D /* Resources */ = {
			isa = PBXResourcesBuildPhase;
			files = (
			);
		};
		A59C8A562F4C24CC00ACC4E7 /* Resources */ = {
			isa = PBXResourcesBuildPhase;
			files = (
			);
		};
		D1A0000700000000000000A7 /* Resources */ = {
			isa = PBXResourcesBuildPhase;
			files = (
			);
		};
/* End PBXResourcesBuildPhase section */

/* Begin PBXSourcesBuildPhase section */
		6453F9572394437797E1BFAF /* Sources */ = {
			isa = PBXSourcesBuildPhase;
			files = (
			);
		};
		A5261D122EFC1AA700AABD5D /* Sources */ = {
			isa = PBXSourcesBuildPhase;
			files = (
			);
		};
		A59C8A542F4C24CC00ACC4E7 /* Sources */ = {
			isa = PBXSourcesBuildPhase;
			files = (
			);
		};
		D1A0000500000000000000A5 /* Sources */ = {
			isa = PBXSourcesBuildPhase;
			files = (
			);
		};
/* End PBXSourcesBuildPhase section */

/* Begin PBXTargetDependency section */
		3999EED70155462080480770 /* PBXTargetDependency */ = {
			isa = PBXTargetDependency;
			target = A5261D152EFC1AA700AABD5D /* NammaMeter */;
			targetProxy = F4069BEB393B4F44AE0590EB /* PBXContainerItemProxy */;
		};
		A59C8A612F4C24CD00ACC4E7 /* PBXTargetDependency */ = {
			isa = PBXTargetDependency;
			target = A59C8A572F4C24CC00ACC4E7 /* NammaMeterWatch Watch App */;
			targetProxy = A59C8A602F4C24CD00ACC4E7 /* PBXContainerItemProxy */;
		};
		D1A0000400000000000000A4 /* PBXTargetDependency */ = {
			isa = PBXTargetDependency;
			target = A5261D152EFC1AA700AABD5D /* NammaMeter */;
			targetProxy = D1A0000300000000000000A3 /* PBXContainerItemProxy */;
		};
/* End PBXTargetDependency section */

/* Begin XCBuildConfiguration section */
		4B2793479E0740D49C7F6908 /* Release configuration for PBXNativeTarget "NammaMeterTests" */ = {
			isa = XCBuildConfiguration;
			buildSettings = {
				APP_SHORTCUTS_ENABLE_FLEXIBLE_MATCHING = NO;
				BUNDLE_LOADER = "$(TEST_HOST)";
				CODE_SIGN_IDENTITY = "Apple Development";
				CODE_SIGN_STYLE = Automatic;
				DEVELOPMENT_TEAM = D7JXMA95NW;
				GENERATE_INFOPLIST_FILE = YES;
				IPHONEOS_DEPLOYMENT_TARGET = 17.6;
				LD_RUNPATH_SEARCH_PATHS = (
					"$(inherited)",
					"@executable_path/Frameworks",
					"@loader_path/Frameworks",
				);
				PRODUCT_BUNDLE_IDENTIFIER = sridharsm.NammaMeterTests;
				PRODUCT_NAME = "$(TARGET_NAME)";
				SWIFT_VERSION = 6.0;
				TARGETED_DEVICE_FAMILY = "1,2";
				TEST_HOST = "$(BUILT_PRODUCTS_DIR)/NammaMeter.app/NammaMeter";
			};
			name = Release;
		};
		A5261D1F2EFC1AA800AABD5D /* Debug configuration for PBXProject "NammaMeter" */ = {
			isa = XCBuildConfiguration;
			buildSettings = {
				ALWAYS_SEARCH_USER_PATHS = NO;
				ASSETCATALOG_COMPILER_GENERATE_SWIFT_ASSET_SYMBOL_EXTENSIONS = YES;
				CLANG_ANALYZER_NONNULL = YES;
				CLANG_ANALYZER_NUMBER_OBJECT_CONVERSION = YES_AGGRESSIVE;
				CLANG_CXX_LANGUAGE_STANDARD = "gnu++20";
				CLANG_ENABLE_MODULES = YES;
				CLANG_ENABLE_OBJC_ARC = YES;
				CLANG_ENABLE_OBJC_WEAK = YES;
				CLANG_WARN_BLOCK_CAPTURE_AUTORELEASING = YES;
				CLANG_WARN_BOOL_CONVERSION = YES;
				CLANG_WARN_COMMA = YES;
				CLANG_WARN_CONSTANT_CONVERSION = YES;
				CLANG_WARN_DEPRECATED_OBJC_IMPLEMENTATIONS = YES;
				CLANG_WARN_DIRECT_OBJC_ISA_USAGE = YES_ERROR;
				CLANG_WARN_DOCUMENTATION_COMMENTS = YES;
				CLANG_WARN_EMPTY_BODY = YES;
				CLANG_WARN_ENUM_CONVERSION = YES;
				CLANG_WARN_INFINITE_RECURSION = YES;
				CLANG_WARN_INT_CONVERSION = YES;
				CLANG_WARN_NON_LITERAL_NULL_CONVERSION = YES;
				CLANG_WARN_OBJC_IMPLICIT_RETAIN_SELF = YES;
				CLANG_WARN_OBJC_LITERAL_CONVERSION = YES;
				CLANG_WARN_OBJC_ROOT_CLASS = YES_ERROR;
				CLANG_WARN_QUOTED_INCLUDE_IN_FRAMEWORK_HEADER = YES;
				CLANG_WARN_RANGE_LOOP_ANALYSIS = YES;
				CLANG_WARN_STRICT_PROTOTYPES = YES;
				CLANG_WARN_SUSPICIOUS_MOVE = YES;
				CLANG_WARN_UNGUARDED_AVAILABILITY = YES_AGGRESSIVE;
				CLANG_WARN_UNREACHABLE_CODE = YES;
				CLANG_WARN__DUPLICATE_METHOD_MATCH = YES;
				COPY_PHASE_STRIP = NO;
				DEBUG_INFORMATION_FORMAT = dwarf;
				ENABLE_STRICT_OBJC_MSGSEND = YES;
				ENABLE_TESTABILITY = YES;
				ENABLE_USER_SCRIPT_SANDBOXING = YES;
				GCC_C_LANGUAGE_STANDARD = gnu17;
				GCC_DYNAMIC_NO_PIC = NO;
				GCC_NO_COMMON_BLOCKS = YES;
				GCC_OPTIMIZATION_LEVEL = 0;
				GCC_PREPROCESSOR_DEFINITIONS = (
					"DEBUG=1",
					"$(inherited)",
				);
				GCC_WARN_64_TO_32_BIT_CONVERSION = YES;
				GCC_WARN_ABOUT_RETURN_TYPE = YES_ERROR;
				GCC_WARN_UNDECLARED_SELECTOR = YES;
				GCC_WARN_UNINITIALIZED_AUTOS = YES_AGGRESSIVE;
				GCC_WARN_UNUSED_FUNCTION = YES;
				GCC_WARN_UNUSED_VARIABLE = YES;
				IPHONEOS_DEPLOYMENT_TARGET = 26.2;
				LOCALIZATION_PREFERS_STRING_CATALOGS = YES;
				MTL_ENABLE_DEBUG_INFO = INCLUDE_SOURCE;
				MTL_FAST_MATH = YES;
				ONLY_ACTIVE_ARCH = YES;
				SDKROOT = iphoneos;
				SWIFT_ACTIVE_COMPILATION_CONDITIONS = "DEBUG $(inherited)";
				SWIFT_OPTIMIZATION_LEVEL = "-Onone";
				SWIFT_STRICT_CONCURRENCY = complete;
			};
			name = Debug;
		};
		A5261D202EFC1AA800AABD5D /* Release configuration for PBXProject "NammaMeter" */ = {
			isa = XCBuildConfiguration;
			buildSettings = {
				ALWAYS_SEARCH_USER_PATHS = NO;
				ASSETCATALOG_COMPILER_GENERATE_SWIFT_ASSET_SYMBOL_EXTENSIONS = YES;
				CLANG_ANALYZER_NONNULL = YES;
				CLANG_ANALYZER_NUMBER_OBJECT_CONVERSION = YES_AGGRESSIVE;
				CLANG_CXX_LANGUAGE_STANDARD = "gnu++20";
				CLANG_ENABLE_MODULES = YES;
				CLANG_ENABLE_OBJC_ARC = YES;
				CLANG_ENABLE_OBJC_WEAK = YES;
				CLANG_WARN_BLOCK_CAPTURE_AUTORELEASING = YES;
				CLANG_WARN_BOOL_CONVERSION = YES;
				CLANG_WARN_COMMA = YES;
				CLANG_WARN_CONSTANT_CONVERSION = YES;
				CLANG_WARN_DEPRECATED_OBJC_IMPLEMENTATIONS = YES;
				CLANG_WARN_DIRECT_OBJC_ISA_USAGE = YES_ERROR;
				CLANG_WARN_DOCUMENTATION_COMMENTS = YES;
				CLANG_WARN_EMPTY_BODY = YES;
				CLANG_WARN_ENUM_CONVERSION = YES;
				CLANG_WARN_INFINITE_RECURSION = YES;
				CLANG_WARN_INT_CONVERSION = YES;
				CLANG_WARN_NON_LITERAL_NULL_CONVERSION = YES;
				CLANG_WARN_OBJC_IMPLICIT_RETAIN_SELF = YES;
				CLANG_WARN_OBJC_LITERAL_CONVERSION = YES;
				CLANG_WARN_OBJC_ROOT_CLASS = YES_ERROR;
				CLANG_WARN_QUOTED_INCLUDE_IN_FRAMEWORK_HEADER = YES;
				CLANG_WARN_RANGE_LOOP_ANALYSIS = YES;
				CLANG_WARN_STRICT_PROTOTYPES = YES;
				CLANG_WARN_SUSPICIOUS_MOVE = YES;
				CLANG_WARN_UNGUARDED_AVAILABILITY = YES_AGGRESSIVE;
				CLANG_WARN_UNREACHABLE_CODE = YES;
				CLANG_WARN__DUPLICATE_METHOD_MATCH = YES;
				COPY_PHASE_STRIP = NO;
				DEBUG_INFORMATION_FORMAT = "dwarf-with-dsym";
				ENABLE_NS_ASSERTIONS = NO;
				ENABLE_STRICT_OBJC_MSGSEND = YES;
				ENABLE_USER_SCRIPT_SANDBOXING = YES;
				GCC_C_LANGUAGE_STANDARD = gnu17;
				GCC_NO_COMMON_BLOCKS = YES;
				GCC_WARN_64_TO_32_BIT_CONVERSION = YES;
				GCC_WARN_ABOUT_RETURN_TYPE = YES_ERROR;
				GCC_WARN_UNDECLARED_SELECTOR = YES;
				GCC_WARN_UNINITIALIZED_AUTOS = YES_AGGRESSIVE;
				GCC_WARN_UNUSED_FUNCTION = YES;
				GCC_WARN_UNUSED_VARIABLE = YES;
				IPHONEOS_DEPLOYMENT_TARGET = 26.2;
				LOCALIZATION_PREFERS_STRING_CATALOGS = YES;
				MTL_ENABLE_DEBUG_INFO = NO;
				MTL_FAST_MATH = YES;
				SDKROOT = iphoneos;
				SWIFT_COMPILATION_MODE = wholemodule;
				SWIFT_STRICT_CONCURRENCY = complete;
				VALIDATE_PRODUCT = YES;
			};
			name = Release;
		};
		A5261D222EFC1AA800AABD5D /* Debug configuration for PBXNativeTarget "NammaMeter" */ = {
			isa = XCBuildConfiguration;
			buildSettings = {
				ASSETCATALOG_COMPILER_APPICON_NAME = AppIcon;
				ASSETCATALOG_COMPILER_GLOBAL_ACCENT_COLOR_NAME = AccentColor;
				CODE_SIGN_IDENTITY = "Apple Development";
				CODE_SIGN_STYLE = Automatic;
				CURRENT_PROJECT_VERSION = 1;
				DEVELOPMENT_TEAM = D7JXMA95NW;
				ENABLE_PREVIEWS = YES;
				GENERATE_INFOPLIST_FILE = NO;
				INFOPLIST_FILE = Info.plist;
				IPHONEOS_DEPLOYMENT_TARGET = 17.6;
				LD_RUNPATH_SEARCH_PATHS = (
					"$(inherited)",
					"@executable_path/Frameworks",
				);
				MARKETING_VERSION = 1.1;
				PRODUCT_BUNDLE_IDENTIFIER = sridharsm.NammaMeter;
				PRODUCT_NAME = "$(TARGET_NAME)";
				PROVISIONING_PROFILE_SPECIFIER = "";
				STRING_CATALOG_GENERATE_SYMBOLS = YES;
				SWIFT_APPROACHABLE_CONCURRENCY = YES;
				SWIFT_EMIT_LOC_STRINGS = YES;
				SWIFT_UPCOMING_FEATURE_MEMBER_IMPORT_VISIBILITY = YES;
				SWIFT_VERSION = 6.0;
				TARGETED_DEVICE_FAMILY = "1,2";
			};
			name = Debug;
		};
		A5261D232EFC1AA800AABD5D /* Release configuration for PBXNativeTarget "NammaMeter" */ = {
			isa = XCBuildConfiguration;
			buildSettings = {
				ASSETCATALOG_COMPILER_APPICON_NAME = AppIcon;
				ASSETCATALOG_COMPILER_GLOBAL_ACCENT_COLOR_NAME = AccentColor;
				CODE_SIGN_IDENTITY = "Apple Development";
				CODE_SIGN_STYLE = Automatic;
				CURRENT_PROJECT_VERSION = 1;
				DEVELOPMENT_TEAM = D7JXMA95NW;
				ENABLE_PREVIEWS = YES;
				GENERATE_INFOPLIST_FILE = NO;
				INFOPLIST_FILE = Info.plist;
				IPHONEOS_DEPLOYMENT_TARGET = 17.6;
				LD_RUNPATH_SEARCH_PATHS = (
					"$(inherited)",
					"@executable_path/Frameworks",
				);
				MARKETING_VERSION = 1.1;
				PRODUCT_BUNDLE_IDENTIFIER = sridharsm.NammaMeter;
				PRODUCT_NAME = "$(TARGET_NAME)";
				PROVISIONING_PROFILE_SPECIFIER = "";
				STRING_CATALOG_GENERATE_SYMBOLS = YES;
				SWIFT_APPROACHABLE_CONCURRENCY = YES;
				SWIFT_EMIT_LOC_STRINGS = YES;
				SWIFT_UPCOMING_FEATURE_MEMBER_IMPORT_VISIBILITY = YES;
				SWIFT_VERSION = 6.0;
				TARGETED_DEVICE_FAMILY = "1,2";
			};
			name = Release;
		};
		A59C8A642F4C24CD00ACC4E7 /* Debug configuration for PBXNativeTarget "NammaMeterWatch Watch App" */ = {
			isa = XCBuildConfiguration;
			buildSettings = {
				ASSETCATALOG_COMPILER_APPICON_NAME = AppIcon;
				ASSETCATALOG_COMPILER_GLOBAL_ACCENT_COLOR_NAME = AccentColor;
				CODE_SIGN_IDENTITY = "Apple Development";
				CODE_SIGN_STYLE = Automatic;
				CURRENT_PROJECT_VERSION = 1;
				DEVELOPMENT_TEAM = D7JXMA95NW;
				ENABLE_PREVIEWS = YES;
				GENERATE_INFOPLIST_FILE = YES;
				INFOPLIST_KEY_CFBundleDisplayName = NammaMeterWatch;
				INFOPLIST_KEY_UISupportedInterfaceOrientations = "UIInterfaceOrientationPortrait UIInterfaceOrientationPortraitUpsideDown";
				INFOPLIST_KEY_WKCompanionAppBundleIdentifier = sridharsm.NammaMeter;
				LD_RUNPATH_SEARCH_PATHS = (
					"$(inherited)",
					"@executable_path/Frameworks",
				);
				MARKETING_VERSION = 1.0;
				PRODUCT_BUNDLE_IDENTIFIER = sridharsm.NammaMeter.watchkitapp;
				PRODUCT_NAME = "$(TARGET_NAME)";
				SDKROOT = watchos;
				SKIP_INSTALL = YES;
				STRING_CATALOG_GENERATE_SYMBOLS = YES;
				SWIFT_APPROACHABLE_CONCURRENCY = YES;
				SWIFT_DEFAULT_ACTOR_ISOLATION = MainActor;
				SWIFT_EMIT_LOC_STRINGS = YES;
				SWIFT_UPCOMING_FEATURE_MEMBER_IMPORT_VISIBILITY = YES;
				SWIFT_VERSION = 5.0;
				TARGETED_DEVICE_FAMILY = 4;
				WATCHOS_DEPLOYMENT_TARGET = 26.2;
			};
			name = Debug;
		};
		A59C8A652F4C24CD00ACC4E7 /* Release configuration for PBXNativeTarget "NammaMeterWatch Watch App" */ = {
			isa = XCBuildConfiguration;
			buildSettings = {
				ASSETCATALOG_COMPILER_APPICON_NAME = AppIcon;
				ASSETCATALOG_COMPILER_GLOBAL_ACCENT_COLOR_NAME = AccentColor;
				CODE_SIGN_IDENTITY = "Apple Development";
				CODE_SIGN_STYLE = Automatic;
				CURRENT_PROJECT_VERSION = 1;
				DEVELOPMENT_TEAM = D7JXMA95NW;
				ENABLE_PREVIEWS = YES;
				GENERATE_INFOPLIST_FILE = YES;
				INFOPLIST_KEY_CFBundleDisplayName = NammaMeterWatch;
				INFOPLIST_KEY_UISupportedInterfaceOrientations = "UIInterfaceOrientationPortrait UIInterfaceOrientationPortraitUpsideDown";
				INFOPLIST_KEY_WKCompanionAppBundleIdentifier = sridharsm.NammaMeter;
				LD_RUNPATH_SEARCH_PATHS = (
					"$(inherited)",
					"@executable_path/Frameworks",
				);
				MARKETING_VERSION = 1.0;
				PRODUCT_BUNDLE_IDENTIFIER = sridharsm.NammaMeter.watchkitapp;
				PRODUCT_NAME = "$(TARGET_NAME)";
				SDKROOT = watchos;
				SKIP_INSTALL = YES;
				STRING_CATALOG_GENERATE_SYMBOLS = YES;
				SWIFT_APPROACHABLE_CONCURRENCY = YES;
				SWIFT_DEFAULT_ACTOR_ISOLATION = MainActor;
				SWIFT_EMIT_LOC_STRINGS = YES;
				SWIFT_UPCOMING_FEATURE_MEMBER_IMPORT_VISIBILITY = YES;
				SWIFT_VERSION = 5.0;
				TARGETED_DEVICE_FAMILY = 4;
				WATCHOS_DEPLOYMENT_TARGET = 26.2;
			};
			name = Release;
		};
		D1A0000900000000000000A9 /* Debug configuration for PBXNativeTarget "NammaMeterUITests" */ = {
			isa = XCBuildConfiguration;
			buildSettings = {
				CODE_SIGN_IDENTITY = "Apple Development";
				CODE_SIGN_STYLE = Automatic;
				DEVELOPMENT_TEAM = D7JXMA95NW;
				GENERATE_INFOPLIST_FILE = YES;
				IPHONEOS_DEPLOYMENT_TARGET = 17.6;
				LD_RUNPATH_SEARCH_PATHS = (
					"$(inherited)",
					"@executable_path/Frameworks",
					"@loader_path/Frameworks",
				);
				PRODUCT_BUNDLE_IDENTIFIER = sridharsm.NammaMeterUITests;
				PRODUCT_NAME = "$(TARGET_NAME)";
				SWIFT_STRICT_CONCURRENCY = targeted;
				SWIFT_VERSION = 6.0;
				TARGETED_DEVICE_FAMILY = "1,2";
				TEST_TARGET_NAME = NammaMeter;
			};
			name = Debug;
		};
		D1A0000A00000000000000AA /* Release configuration for PBXNativeTarget "NammaMeterUITests" */ = {
			isa = XCBuildConfiguration;
			buildSettings = {
				CODE_SIGN_IDENTITY = "Apple Development";
				CODE_SIGN_STYLE = Automatic;
				DEVELOPMENT_TEAM = D7JXMA95NW;
				GENERATE_INFOPLIST_FILE = YES;
				IPHONEOS_DEPLOYMENT_TARGET = 17.6;
				LD_RUNPATH_SEARCH_PATHS = (
					"$(inherited)",
					"@executable_path/Frameworks",
					"@loader_path/Frameworks",
				);
				PRODUCT_BUNDLE_IDENTIFIER = sridharsm.NammaMeterUITests;
				PRODUCT_NAME = "$(TARGET_NAME)";
				SWIFT_STRICT_CONCURRENCY = targeted;
				SWIFT_VERSION = 6.0;
				TARGETED_DEVICE_FAMILY = "1,2";
				TEST_TARGET_NAME = NammaMeter;
			};
			name = Release;
		};
		DA555CE8C78B491F80C89FF8 /* Debug configuration for PBXNativeTarget "NammaMeterTests" */ = {
			isa = XCBuildConfiguration;
			buildSettings = {
				APP_SHORTCUTS_ENABLE_FLEXIBLE_MATCHING = NO;
				BUNDLE_LOADER = "$(TEST_HOST)";
				CODE_SIGN_IDENTITY = "Apple Development";
				CODE_SIGN_STYLE = Automatic;
				DEVELOPMENT_TEAM = D7JXMA95NW;
				GENERATE_INFOPLIST_FILE = YES;
				IPHONEOS_DEPLOYMENT_TARGET = 17.6;
				LD_RUNPATH_SEARCH_PATHS = (
					"$(inherited)",
					"@executable_path/Frameworks",
					"@loader_path/Frameworks",
				);
				PRODUCT_BUNDLE_IDENTIFIER = sridharsm.NammaMeterTests;
				PRODUCT_NAME = "$(TARGET_NAME)";
				SWIFT_VERSION = 6.0;
				TARGETED_DEVICE_FAMILY = "1,2";
				TEST_HOST = "$(BUILT_PRODUCTS_DIR)/NammaMeter.app/NammaMeter";
			};
			name = Debug;
		};
/* End XCBuildConfiguration section */

/* Begin XCConfigurationList section */
		9D6290B7C0D84D16AC87897D /* Build configuration list for PBXNativeTarget "NammaMeterTests" */ = {
			isa = XCConfigurationList;
			buildConfigurations = (
				DA555CE8C78B491F80C89FF8 /* Debug configuration for PBXNativeTarget "NammaMeterTests" */,
				4B2793479E0740D49C7F6908 /* Release configuration for PBXNativeTarget "NammaMeterTests" */,
			);
			defaultConfigurationName = Release;
		};
		A5261D112EFC1AA700AABD5D /* Build configuration list for PBXProject "NammaMeter" */ = {
			isa = XCConfigurationList;
			buildConfigurations = (
				A5261D1F2EFC1AA800AABD5D /* Debug configuration for PBXProject "NammaMeter" */,
				A5261D202EFC1AA800AABD5D /* Release configuration for PBXProject "NammaMeter" */,
			);
			defaultConfigurationName = Release;
		};
		A5261D212EFC1AA800AABD5D /* Build configuration list for PBXNativeTarget "NammaMeter" */ = {
			isa = XCConfigurationList;
			buildConfigurations = (
				A5261D222EFC1AA800AABD5D /* Debug configuration for PBXNativeTarget "NammaMeter" */,
				A5261D232EFC1AA800AABD5D /* Release configuration for PBXNativeTarget "NammaMeter" */,
			);
			defaultConfigurationName = Release;
		};
		A59C8A662F4C24CD00ACC4E7 /* Build configuration list for PBXNativeTarget "NammaMeterWatch Watch App" */ = {
			isa = XCConfigurationList;
			buildConfigurations = (
				A59C8A642F4C24CD00ACC4E7 /* Debug configuration for PBXNativeTarget "NammaMeterWatch Watch App" */,
				A59C8A652F4C24CD00ACC4E7 /* Release configuration for PBXNativeTarget "NammaMeterWatch Watch App" */,
			);
			defaultConfigurationName = Release;
		};
		D1A0000B00000000000000AB /* Build configuration list for PBXNativeTarget "NammaMeterUITests" */ = {
			isa = XCConfigurationList;
			buildConfigurations = (
				D1A0000900000000000000A9 /* Debug configuration for PBXNativeTarget "NammaMeterUITests" */,
				D1A0000A00000000000000AA /* Release configuration for PBXNativeTarget "NammaMeterUITests" */,
			);
			defaultConfigurationName = Release;
		};
/* End XCConfigurationList section */

/* Begin XCRemoteSwiftPackageReference section */
		SNAPSHOT_PKG_REF /* XCRemoteSwiftPackageReference "swift-snapshot-testing" */ = {
			isa = XCRemoteSwiftPackageReference;
			repositoryURL = "https://github.com/pointfreeco/swift-snapshot-testing";
			requirement = {
				kind = upToNextMajorVersion;
				minimumVersion = 1.15.0;
			};
		};
/* End XCRemoteSwiftPackageReference section */

/* Begin XCSwiftPackageProductDependency section */
		SNAPSHOT_TESTING_DEP /* SnapshotTesting */ = {
			isa = XCSwiftPackageProductDependency;
			package = SNAPSHOT_PKG_REF /* XCRemoteSwiftPackageReference "swift-snapshot-testing" */;
			productName = SnapshotTesting;
		};
/* End XCSwiftPackageProductDependency section */
	};
	rootObject = A5261D0E2EFC1AA700AABD5D /* Project object */;
}
